// !$*UTF8*$!
{
	archiveVersion = 1;
	classes = {
	};
	objectVersion = 51;
	objects = {

/* Begin PBXBuildFile section */
		A1A8EDC2256876EE008DAAA3 /* AppDelegate.swift in Sources */ = {isa = PBXBuildFile; fileRef = A1A8EDC1256876EE008DAAA3 /* AppDelegate.swift */; };
		A1A8EDC4256876EE008DAAA3 /* SceneDelegate.swift in Sources */ = {isa = PBXBuildFile; fileRef = A1A8EDC3256876EE008DAAA3 /* SceneDelegate.swift */; };
		A1A8EDC6256876EE008DAAA3 /* HomeViewController.swift in Sources */ = {isa = PBXBuildFile; fileRef = A1A8EDC5256876EE008DAAA3 /* HomeViewController.swift */; };
		A1A8EDC9256876EE008DAAA3 /* Main.storyboard in Resources */ = {isa = PBXBuildFile; fileRef = A1A8EDC7256876EE008DAAA3 /* Main.storyboard */; };
		A1A8EDCB256876F1008DAAA3 /* Assets.xcassets in Resources */ = {isa = PBXBuildFile; fileRef = A1A8EDCA256876F1008DAAA3 /* Assets.xcassets */; };
		A1A8EDCE256876F1008DAAA3 /* LaunchScreen.storyboard in Resources */ = {isa = PBXBuildFile; fileRef = A1A8EDCC256876F1008DAAA3 /* LaunchScreen.storyboard */; };
		A1A8EDDE256878E4008DAAA3 /* ExploreViewController.swift in Sources */ = {isa = PBXBuildFile; fileRef = A1A8EDDD256878E4008DAAA3 /* ExploreViewController.swift */; };
		A1A8EDE125687903008DAAA3 /* CamaraViewController.swift in Sources */ = {isa = PBXBuildFile; fileRef = A1A8EDE025687903008DAAA3 /* CamaraViewController.swift */; };
		A1A8EDE525687938008DAAA3 /* NotificationViewController.swift in Sources */ = {isa = PBXBuildFile; fileRef = A1A8EDE425687938008DAAA3 /* NotificationViewController.swift */; };
		A1A8EDE825687946008DAAA3 /* ProfileViewController.swift in Sources */ = {isa = PBXBuildFile; fileRef = A1A8EDE725687946008DAAA3 /* ProfileViewController.swift */; };
		A1A8EDEF256879C8008DAAA3 /* LoginViewController.swift in Sources */ = {isa = PBXBuildFile; fileRef = A1A8EDEE256879C8008DAAA3 /* LoginViewController.swift */; };
		A1A8EDF3256879E3008DAAA3 /* RegistrationViewController.swift in Sources */ = {isa = PBXBuildFile; fileRef = A1A8EDF2256879E3008DAAA3 /* RegistrationViewController.swift */; };
		A1A8EDF625687A94008DAAA3 /* PostViewController.swift in Sources */ = {isa = PBXBuildFile; fileRef = A1A8EDF525687A94008DAAA3 /* PostViewController.swift */; };
		A1A8EDF925687AAE008DAAA3 /* EditProfileViewController.swift in Sources */ = {isa = PBXBuildFile; fileRef = A1A8EDF825687AAE008DAAA3 /* EditProfileViewController.swift */; };
		A1A8EDFC25687AC3008DAAA3 /* SettingsViewController.swift in Sources */ = {isa = PBXBuildFile; fileRef = A1A8EDFB25687AC3008DAAA3 /* SettingsViewController.swift */; };
		A1A8EDFF25687ADF008DAAA3 /* ListViewViewController.swift in Sources */ = {isa = PBXBuildFile; fileRef = A1A8EDFE25687ADF008DAAA3 /* ListViewViewController.swift */; };
		A1A8EE0225687B1F008DAAA3 /* SearchViewController.swift in Sources */ = {isa = PBXBuildFile; fileRef = A1A8EE0125687B1F008DAAA3 /* SearchViewController.swift */; };
		A1A8EE0525687B37008DAAA3 /* SearchResultViewController.swift in Sources */ = {isa = PBXBuildFile; fileRef = A1A8EE0425687B37008DAAA3 /* SearchResultViewController.swift */; };
		A1A8EE0825687BAA008DAAA3 /* PostEditorViewController.swift in Sources */ = {isa = PBXBuildFile; fileRef = A1A8EE0725687BAA008DAAA3 /* PostEditorViewController.swift */; };
		A1A8EE0C25687BC7008DAAA3 /* PublishPostViewController.swift in Sources */ = {isa = PBXBuildFile; fileRef = A1A8EE0B25687BC7008DAAA3 /* PublishPostViewController.swift */; };
		A1A8EE29256884D2008DAAA3 /* GoogleService-Info.plist in Resources */ = {isa = PBXBuildFile; fileRef = A1A8EE28256884D2008DAAA3 /* GoogleService-Info.plist */; };
		A1A8EE2F2568899D008DAAA3 /* DatabaseConnection.swift in Sources */ = {isa = PBXBuildFile; fileRef = A1A8EE2E2568899D008DAAA3 /* DatabaseConnection.swift */; };
		A1A8EE3225688A36008DAAA3 /* AuthManager.swift in Sources */ = {isa = PBXBuildFile; fileRef = A1A8EE3125688A36008DAAA3 /* AuthManager.swift */; };
		A1A8EE3525688A6D008DAAA3 /* StorageManager.swift in Sources */ = {isa = PBXBuildFile; fileRef = A1A8EE3425688A6D008DAAA3 /* StorageManager.swift */; };
		C2B2F5871AB6AD8C4E0B8A58 /* Pods_InstagramClone.framework in Frameworks */ = {isa = PBXBuildFile; fileRef = 6FF995E62EDB6EB73E7E027D /* Pods_InstagramClone.framework */; };
/* End PBXBuildFile section */

/* Begin PBXFileReference section */
		0D6A5E6E56DF8556062F2458 /* Pods-InstagramClone.debug.xcconfig */ = {isa = PBXFileReference; includeInIndex = 1; lastKnownFileType = text.xcconfig; name = "Pods-InstagramClone.debug.xcconfig"; path = "Target Support Files/Pods-InstagramClone/Pods-InstagramClone.debug.xcconfig"; sourceTree = "<group>"; };
		6FF995E62EDB6EB73E7E027D /* Pods_InstagramClone.framework */ = {isa = PBXFileReference; explicitFileType = wrapper.framework; includeInIndex = 0; path = Pods_InstagramClone.framework; sourceTree = BUILT_PRODUCTS_DIR; };
		A1A8EDBE256876EE008DAAA3 /* InstagramClone.app */ = {isa = PBXFileReference; explicitFileType = wrapper.application; includeInIndex = 0; path = InstagramClone.app; sourceTree = BUILT_PRODUCTS_DIR; };
		A1A8EDC1256876EE008DAAA3 /* AppDelegate.swift */ = {isa = PBXFileReference; lastKnownFileType = sourcecode.swift; path = AppDelegate.swift; sourceTree = "<group>"; };
		A1A8EDC3256876EE008DAAA3 /* SceneDelegate.swift */ = {isa = PBXFileReference; lastKnownFileType = sourcecode.swift; path = SceneDelegate.swift; sourceTree = "<group>"; };
		A1A8EDC5256876EE008DAAA3 /* HomeViewController.swift */ = {isa = PBXFileReference; lastKnownFileType = sourcecode.swift; path = HomeViewController.swift; sourceTree = "<group>"; };
		A1A8EDC8256876EE008DAAA3 /* Base */ = {isa = PBXFileReference; lastKnownFileType = file.storyboard; name = Base; path = Base.lproj/Main.storyboard; sourceTree = "<group>"; };
		A1A8EDCA256876F1008DAAA3 /* Assets.xcassets */ = {isa = PBXFileReference; lastKnownFileType = folder.assetcatalog; path = Assets.xcassets; sourceTree = "<group>"; };
		A1A8EDCD256876F1008DAAA3 /* Base */ = {isa = PBXFileReference; lastKnownFileType = file.storyboard; name = Base; path = Base.lproj/LaunchScreen.storyboard; sourceTree = "<group>"; };
		A1A8EDCF256876F1008DAAA3 /* Info.plist */ = {isa = PBXFileReference; lastKnownFileType = text.plist.xml; path = Info.plist; sourceTree = "<group>"; };
		A1A8EDDD256878E4008DAAA3 /* ExploreViewController.swift */ = {isa = PBXFileReference; lastKnownFileType = sourcecode.swift; path = ExploreViewController.swift; sourceTree = "<group>"; };
		A1A8EDE025687903008DAAA3 /* CamaraViewController.swift */ = {isa = PBXFileReference; lastKnownFileType = sourcecode.swift; path = CamaraViewController.swift; sourceTree = "<group>"; };
		A1A8EDE425687938008DAAA3 /* NotificationViewController.swift */ = {isa = PBXFileReference; lastKnownFileType = sourcecode.swift; path = NotificationViewController.swift; sourceTree = "<group>"; };
		A1A8EDE725687946008DAAA3 /* ProfileViewController.swift */ = {isa = PBXFileReference; lastKnownFileType = sourcecode.swift; path = ProfileViewController.swift; sourceTree = "<group>"; };
		A1A8EDEE256879C8008DAAA3 /* LoginViewController.swift */ = {isa = PBXFileReference; lastKnownFileType = sourcecode.swift; path = LoginViewController.swift; sourceTree = "<group>"; };
		A1A8EDF2256879E3008DAAA3 /* RegistrationViewController.swift */ = {isa = PBXFileReference; lastKnownFileType = sourcecode.swift; path = RegistrationViewController.swift; sourceTree = "<group>"; };
		A1A8EDF525687A94008DAAA3 /* PostViewController.swift */ = {isa = PBXFileReference; lastKnownFileType = sourcecode.swift; path = PostViewController.swift; sourceTree = "<group>"; };
		A1A8EDF825687AAE008DAAA3 /* EditProfileViewController.swift */ = {isa = PBXFileReference; lastKnownFileType = sourcecode.swift; path = EditProfileViewController.swift; sourceTree = "<group>"; };
		A1A8EDFB25687AC3008DAAA3 /* SettingsViewController.swift */ = {isa = PBXFileReference; lastKnownFileType = sourcecode.swift; path = SettingsViewController.swift; sourceTree = "<group>"; };
		A1A8EDFE25687ADF008DAAA3 /* ListViewViewController.swift */ = {isa = PBXFileReference; lastKnownFileType = sourcecode.swift; path = ListViewViewController.swift; sourceTree = "<group>"; };
		A1A8EE0125687B1F008DAAA3 /* SearchViewController.swift */ = {isa = PBXFileReference; lastKnownFileType = sourcecode.swift; path = SearchViewController.swift; sourceTree = "<group>"; };
		A1A8EE0425687B37008DAAA3 /* SearchResultViewController.swift */ = {isa = PBXFileReference; lastKnownFileType = sourcecode.swift; path = SearchResultViewController.swift; sourceTree = "<group>"; };
		A1A8EE0725687BAA008DAAA3 /* PostEditorViewController.swift */ = {isa = PBXFileReference; lastKnownFileType = sourcecode.swift; path = PostEditorViewController.swift; sourceTree = "<group>"; };
		A1A8EE0B25687BC7008DAAA3 /* PublishPostViewController.swift */ = {isa = PBXFileReference; lastKnownFileType = sourcecode.swift; path = PublishPostViewController.swift; sourceTree = "<group>"; };
		A1A8EE28256884D2008DAAA3 /* GoogleService-Info.plist */ = {isa = PBXFileReference; fileEncoding = 4; lastKnownFileType = text.plist.xml; path = "GoogleService-Info.plist"; sourceTree = "<group>"; };
		A1A8EE2E2568899D008DAAA3 /* DatabaseConnection.swift */ = {isa = PBXFileReference; lastKnownFileType = sourcecode.swift; path = DatabaseConnection.swift; sourceTree = "<group>"; };
		A1A8EE3125688A36008DAAA3 /* AuthManager.swift */ = {isa = PBXFileReference; lastKnownFileType = sourcecode.swift; path = AuthManager.swift; sourceTree = "<group>"; };
		A1A8EE3425688A6D008DAAA3 /* StorageManager.swift */ = {isa = PBXFileReference; lastKnownFileType = sourcecode.swift; path = StorageManager.swift; sourceTree = "<group>"; };
		B9960C978C960202AD38D9B8 /* Pods-InstagramClone.release.xcconfig */ = {isa = PBXFileReference; includeInIndex = 1; lastKnownFileType = text.xcconfig; name = "Pods-InstagramClone.release.xcconfig"; path = "Target Support Files/Pods-InstagramClone/Pods-InstagramClone.release.xcconfig"; sourceTree = "<group>"; };
/* End PBXFileReference section */

/* Begin PBXFrameworksBuildPhase section */
		A1A8EDBB256876EE008DAAA3 /* Frameworks */ = {
			isa = PBXFrameworksBuildPhase;
			buildActionMask = 2147483647;
			files = (
				C2B2F5871AB6AD8C4E0B8A58 /* Pods_InstagramClone.framework in Frameworks */,
			);
			runOnlyForDeploymentPostprocessing = 0;
		};
/* End PBXFrameworksBuildPhase section */

/* Begin PBXGroup section */
		8164ECB9D040BE4F5519923C /* Pods */ = {
			isa = PBXGroup;
			children = (
				0D6A5E6E56DF8556062F2458 /* Pods-InstagramClone.debug.xcconfig */,
				B9960C978C960202AD38D9B8 /* Pods-InstagramClone.release.xcconfig */,
			);
			path = Pods;
			sourceTree = "<group>";
		};
		9663A88E9780A3271010E45C /* Frameworks */ = {
			isa = PBXGroup;
			children = (
				6FF995E62EDB6EB73E7E027D /* Pods_InstagramClone.framework */,
			);
			name = Frameworks;
			sourceTree = "<group>";
		};
		A1A8EDB5256876EE008DAAA3 = {
			isa = PBXGroup;
			children = (
				A1A8EDC0256876EE008DAAA3 /* InstagramClone */,
				A1A8EDBF256876EE008DAAA3 /* Products */,
				8164ECB9D040BE4F5519923C /* Pods */,
				9663A88E9780A3271010E45C /* Frameworks */,
			);
			sourceTree = "<group>";
		};
		A1A8EDBF256876EE008DAAA3 /* Products */ = {
			isa = PBXGroup;
			children = (
				A1A8EDBE256876EE008DAAA3 /* InstagramClone.app */,
			);
			name = Products;
			sourceTree = "<group>";
		};
		A1A8EDC0256876EE008DAAA3 /* InstagramClone */ = {
			isa = PBXGroup;
			children = (
				A1A8EDD925687753008DAAA3 /* Resources */,
				A1A8EDD82568774C008DAAA3 /* Models */,
				A1A8EDDA25687787008DAAA3 /* Views */,
				A1A8EDD62568772E008DAAA3 /* Controllers */,
				A1A8EDCF256876F1008DAAA3 /* Info.plist */,
				A1A8EE28256884D2008DAAA3 /* GoogleService-Info.plist */,
			);
			path = InstagramClone;
			sourceTree = "<group>";
		};
		A1A8EDD62568772E008DAAA3 /* Controllers */ = {
			isa = PBXGroup;
			children = (
				A1A8EDEC25687991008DAAA3 /* Others */,
				A1A8EDEA25687955008DAAA3 /* Core Tabs */,
			);
			path = Controllers;
			sourceTree = "<group>";
		};
		A1A8EDD725687745008DAAA3 /* Storyboard */ = {
			isa = PBXGroup;
			children = (
				A1A8EDC7256876EE008DAAA3 /* Main.storyboard */,
				A1A8EDCC256876F1008DAAA3 /* LaunchScreen.storyboard */,
			);
			path = Storyboard;
			sourceTree = "<group>";
		};
		A1A8EDD82568774C008DAAA3 /* Models */ = {
			isa = PBXGroup;
			children = (
			);
			path = Models;
			sourceTree = "<group>";
		};
		A1A8EDD925687753008DAAA3 /* Resources */ = {
			isa = PBXGroup;
			children = (
				A1A8EDC1256876EE008DAAA3 /* AppDelegate.swift */,
				A1A8EDC3256876EE008DAAA3 /* SceneDelegate.swift */,
				A1A8EE2E2568899D008DAAA3 /* DatabaseConnection.swift */,
				A1A8EE3125688A36008DAAA3 /* AuthManager.swift */,
				A1A8EE3425688A6D008DAAA3 /* StorageManager.swift */,
			);
			path = Resources;
			sourceTree = "<group>";
		};
		A1A8EDDA25687787008DAAA3 /* Views */ = {
			isa = PBXGroup;
			children = (
				A1A8EDCA256876F1008DAAA3 /* Assets.xcassets */,
				A1A8EDD725687745008DAAA3 /* Storyboard */,
			);
			path = Views;
			sourceTree = "<group>";
		};
		A1A8EDEA25687955008DAAA3 /* Core Tabs */ = {
			isa = PBXGroup;
			children = (
				A1A8EDC5256876EE008DAAA3 /* HomeViewController.swift */,
				A1A8EDDD256878E4008DAAA3 /* ExploreViewController.swift */,
				A1A8EDE025687903008DAAA3 /* CamaraViewController.swift */,
				A1A8EDE425687938008DAAA3 /* NotificationViewController.swift */,
				A1A8EDE725687946008DAAA3 /* ProfileViewController.swift */,
			);
			path = "Core Tabs";
			sourceTree = "<group>";
		};
		A1A8EDEC25687991008DAAA3 /* Others */ = {
			isa = PBXGroup;
			children = (
				A1A8EDED256879B2008DAAA3 /* Onboarding */,
				A1A8EE2C2568886F008DAAA3 /* General */,
			);
			path = Others;
			sourceTree = "<group>";
		};
		A1A8EDED256879B2008DAAA3 /* Onboarding */ = {
			isa = PBXGroup;
			children = (
				A1A8EDEE256879C8008DAAA3 /* LoginViewController.swift */,
				A1A8EDF2256879E3008DAAA3 /* RegistrationViewController.swift */,
			);
			path = Onboarding;
			sourceTree = "<group>";
		};
		A1A8EE2C2568886F008DAAA3 /* General */ = {
			isa = PBXGroup;
			children = (
				A1A8EDF525687A94008DAAA3 /* PostViewController.swift */,
				A1A8EDF825687AAE008DAAA3 /* EditProfileViewController.swift */,
				A1A8EDFB25687AC3008DAAA3 /* SettingsViewController.swift */,
				A1A8EDFE25687ADF008DAAA3 /* ListViewViewController.swift */,
				A1A8EE0125687B1F008DAAA3 /* SearchViewController.swift */,
				A1A8EE0425687B37008DAAA3 /* SearchResultViewController.swift */,
				A1A8EE0725687BAA008DAAA3 /* PostEditorViewController.swift */,
				A1A8EE0B25687BC7008DAAA3 /* PublishPostViewController.swift */,
			);
			path = General;
			sourceTree = "<group>";
		};
/* End PBXGroup section */

/* Begin PBXNativeTarget section */
		A1A8EDBD256876EE008DAAA3 /* InstagramClone */ = {
			isa = PBXNativeTarget;
			buildConfigurationList = A1A8EDD2256876F1008DAAA3 /* Build configuration list for PBXNativeTarget "InstagramClone" */;
			buildPhases = (
				A0B21DD7EF5C28F04B7B92D3 /* [CP] Check Pods Manifest.lock */,
				A1A8EDBA256876EE008DAAA3 /* Sources */,
				A1A8EDBB256876EE008DAAA3 /* Frameworks */,
				A1A8EDBC256876EE008DAAA3 /* Resources */,
				4B5668CBF1B2A0E6430BA1C0 /* [CP] Embed Pods Frameworks */,
			);
			buildRules = (
			);
			dependencies = (
			);
			name = InstagramClone;
			productName = InstagramClone;
			productReference = A1A8EDBE256876EE008DAAA3 /* InstagramClone.app */;
			productType = "com.apple.product-type.application";
		};
/* End PBXNativeTarget section */

/* Begin PBXProject section */
		A1A8EDB6256876EE008DAAA3 /* Project object */ = {
			isa = PBXProject;
			attributes = {
				LastSwiftUpdateCheck = 1200;
				LastUpgradeCheck = 1200;
				TargetAttributes = {
					A1A8EDBD256876EE008DAAA3 = {
						CreatedOnToolsVersion = 12.0;
					};
				};
			};
			buildConfigurationList = A1A8EDB9256876EE008DAAA3 /* Build configuration list for PBXProject "InstagramClone" */;
			compatibilityVersion = "Xcode 9.3";
			developmentRegion = en;
			hasScannedForEncodings = 0;
			knownRegions = (
				en,
				Base,
			);
			mainGroup = A1A8EDB5256876EE008DAAA3;
			productRefGroup = A1A8EDBF256876EE008DAAA3 /* Products */;
			projectDirPath = "";
			projectRoot = "";
			targets = (
				A1A8EDBD256876EE008DAAA3 /* InstagramClone */,
			);
		};
/* End PBXProject section */

/* Begin PBXResourcesBuildPhase section */
		A1A8EDBC256876EE008DAAA3 /* Resources */ = {
			isa = PBXResourcesBuildPhase;
			buildActionMask = 2147483647;
			files = (
				A1A8EDCE256876F1008DAAA3 /* LaunchScreen.storyboard in Resources */,
				A1A8EE29256884D2008DAAA3 /* GoogleService-Info.plist in Resources */,
				A1A8EDCB256876F1008DAAA3 /* Assets.xcassets in Resources */,
				A1A8EDC9256876EE008DAAA3 /* Main.storyboard in Resources */,
			);
			runOnlyForDeploymentPostprocessing = 0;
		};
/* End PBXResourcesBuildPhase section */

/* Begin PBXShellScriptBuildPhase section */
		4B5668CBF1B2A0E6430BA1C0 /* [CP] Embed Pods Frameworks */ = {
			isa = PBXShellScriptBuildPhase;
			buildActionMask = 2147483647;
			files = (
			);
			inputFileListPaths = (
				"${PODS_ROOT}/Target Support Files/Pods-InstagramClone/Pods-InstagramClone-frameworks-${CONFIGURATION}-input-files.xcfilelist",
			);
			name = "[CP] Embed Pods Frameworks";
			outputFileListPaths = (
				"${PODS_ROOT}/Target Support Files/Pods-InstagramClone/Pods-InstagramClone-frameworks-${CONFIGURATION}-output-files.xcfilelist",
			);
			runOnlyForDeploymentPostprocessing = 0;
			shellPath = /bin/sh;
			shellScript = "\"${PODS_ROOT}/Target Support Files/Pods-InstagramClone/Pods-InstagramClone-frameworks.sh\"\n";
			showEnvVarsInLog = 0;
		};
		A0B21DD7EF5C28F04B7B92D3 /* [CP] Check Pods Manifest.lock */ = {
			isa = PBXShellScriptBuildPhase;
			buildActionMask = 2147483647;
			files = (
			);
			inputFileListPaths = (
			);
			inputPaths = (
				"${PODS_PODFILE_DIR_PATH}/Podfile.lock",
				"${PODS_ROOT}/Manifest.lock",
			);
			name = "[CP] Check Pods Manifest.lock";
			outputFileListPaths = (
			);
			outputPaths = (
				"$(DERIVED_FILE_DIR)/Pods-InstagramClone-checkManifestLockResult.txt",
			);
			runOnlyForDeploymentPostprocessing = 0;
			shellPath = /bin/sh;
			shellScript = "diff \"${PODS_PODFILE_DIR_PATH}/Podfile.lock\" \"${PODS_ROOT}/Manifest.lock\" > /dev/null\nif [ $? != 0 ] ; then\n    # print error to STDERR\n    echo \"error: The sandbox is not in sync with the Podfile.lock. Run 'pod install' or update your CocoaPods installation.\" >&2\n    exit 1\nfi\n# This output is used by Xcode 'outputs' to avoid re-running this script phase.\necho \"SUCCESS\" > \"${SCRIPT_OUTPUT_FILE_0}\"\n";
			showEnvVarsInLog = 0;
		};
/* End PBXShellScriptBuildPhase section */

/* Begin PBXSourcesBuildPhase section */
		A1A8EDBA256876EE008DAAA3 /* Sources */ = {
			isa = PBXSourcesBuildPhase;
			buildActionMask = 2147483647;
			files = (
				A1A8EDFF25687ADF008DAAA3 /* ListViewViewController.swift in Sources */,
				A1A8EDF925687AAE008DAAA3 /* EditProfileViewController.swift in Sources */,
				A1A8EE0C25687BC7008DAAA3 /* PublishPostViewController.swift in Sources */,
				A1A8EDDE256878E4008DAAA3 /* ExploreViewController.swift in Sources */,
				A1A8EDC6256876EE008DAAA3 /* HomeViewController.swift in Sources */,
				A1A8EDE525687938008DAAA3 /* NotificationViewController.swift in Sources */,
				A1A8EE0825687BAA008DAAA3 /* PostEditorViewController.swift in Sources */,
				A1A8EE3525688A6D008DAAA3 /* StorageManager.swift in Sources */,
				A1A8EDF3256879E3008DAAA3 /* RegistrationViewController.swift in Sources */,
				A1A8EDF625687A94008DAAA3 /* PostViewController.swift in Sources */,
				A1A8EE0525687B37008DAAA3 /* SearchResultViewController.swift in Sources */,
				A1A8EDC2256876EE008DAAA3 /* AppDelegate.swift in Sources */,
				A1A8EE0225687B1F008DAAA3 /* SearchViewController.swift in Sources */,
				A1A8EDEF256879C8008DAAA3 /* LoginViewController.swift in Sources */,
				A1A8EDE825687946008DAAA3 /* ProfileViewController.swift in Sources */,
				A1A8EE3225688A36008DAAA3 /* AuthManager.swift in Sources */,
				A1A8EDC4256876EE008DAAA3 /* SceneDelegate.swift in Sources */,
				A1A8EDE125687903008DAAA3 /* CamaraViewController.swift in Sources */,
				A1A8EE2F2568899D008DAAA3 /* DatabaseConnection.swift in Sources */,
				A1A8EDFC25687AC3008DAAA3 /* SettingsViewController.swift in Sources */,
			);
			runOnlyForDeploymentPostprocessing = 0;
		};
/* End PBXSourcesBuildPhase section */

/* Begin PBXVariantGroup section */
		A1A8EDC7256876EE008DAAA3 /* Main.storyboard */ = {
			isa = PBXVariantGroup;
			children = (
				A1A8EDC8256876EE008DAAA3 /* Base */,
			);
			name = Main.storyboard;
			sourceTree = "<group>";
		};
		A1A8EDCC256876F1008DAAA3 /* LaunchScreen.storyboard */ = {
			isa = PBXVariantGroup;
			children = (
				A1A8EDCD256876F1008DAAA3 /* Base */,
			);
			name = LaunchScreen.storyboard;
			sourceTree = "<group>";
		};
/* End PBXVariantGroup section */

/* Begin XCBuildConfiguration section */
		A1A8EDD0256876F1008DAAA3 /* Debug */ = {
			isa = XCBuildConfiguration;
			buildSettings = {
				ALWAYS_SEARCH_USER_PATHS = NO;
				CLANG_ANALYZER_NONNULL = YES;
				CLANG_ANALYZER_NUMBER_OBJECT_CONVERSION = YES_AGGRESSIVE;
				CLANG_CXX_LANGUAGE_STANDARD = "gnu++14";
				CLANG_CXX_LIBRARY = "libc++";
				CLANG_ENABLE_MODULES = YES;
				CLANG_ENABLE_OBJC_ARC = YES;
				CLANG_ENABLE_OBJC_WEAK = YES;
				CLANG_WARN_BLOCK_CAPTURE_AUTORELEASING = YES;
				CLANG_WARN_BOOL_CONVERSION = YES;
				CLANG_WARN_COMMA = YES;
				CLANG_WARN_CONSTANT_CONVERSION = YES;
				CLANG_WARN_DEPRECATED_OBJC_IMPLEMENTATIONS = YES;
				CLANG_WARN_DIRECT_OBJC_ISA_USAGE = YES_ERROR;
				CLANG_WARN_DOCUMENTATION_COMMENTS = YES;
				CLANG_WARN_EMPTY_BODY = YES;
				CLANG_WARN_ENUM_CONVERSION = YES;
				CLANG_WARN_INFINITE_RECURSION = YES;
				CLANG_WARN_INT_CONVERSION = YES;
				CLANG_WARN_NON_LITERAL_NULL_CONVERSION = YES;
				CLANG_WARN_OBJC_IMPLICIT_RETAIN_SELF = YES;
				CLANG_WARN_OBJC_LITERAL_CONVERSION = YES;
				CLANG_WARN_OBJC_ROOT_CLASS = YES_ERROR;
				CLANG_WARN_QUOTED_INCLUDE_IN_FRAMEWORK_HEADER = YES;
				CLANG_WARN_RANGE_LOOP_ANALYSIS = YES;
				CLANG_WARN_STRICT_PROTOTYPES = YES;
				CLANG_WARN_SUSPICIOUS_MOVE = YES;
				CLANG_WARN_UNGUARDED_AVAILABILITY = YES_AGGRESSIVE;
				CLANG_WARN_UNREACHABLE_CODE = YES;
				CLANG_WARN__DUPLICATE_METHOD_MATCH = YES;
				COPY_PHASE_STRIP = NO;
				DEBUG_INFORMATION_FORMAT = dwarf;
				ENABLE_STRICT_OBJC_MSGSEND = YES;
				ENABLE_TESTABILITY = YES;
				GCC_C_LANGUAGE_STANDARD = gnu11;
				GCC_DYNAMIC_NO_PIC = NO;
				GCC_NO_COMMON_BLOCKS = YES;
				GCC_OPTIMIZATION_LEVEL = 0;
				GCC_PREPROCESSOR_DEFINITIONS = (
					"DEBUG=1",
					"$(inherited)",
				);
				GCC_WARN_64_TO_32_BIT_CONVERSION = YES;
				GCC_WARN_ABOUT_RETURN_TYPE = YES_ERROR;
				GCC_WARN_UNDECLARED_SELECTOR = YES;
				GCC_WARN_UNINITIALIZED_AUTOS = YES_AGGRESSIVE;
				GCC_WARN_UNUSED_FUNCTION = YES;
				GCC_WARN_UNUSED_VARIABLE = YES;
				IPHONEOS_DEPLOYMENT_TARGET = 14.0;
				MTL_ENABLE_DEBUG_INFO = INCLUDE_SOURCE;
				MTL_FAST_MATH = YES;
				ONLY_ACTIVE_ARCH = YES;
				SDKROOT = iphoneos;
				SWIFT_ACTIVE_COMPILATION_CONDITIONS = DEBUG;
				SWIFT_OPTIMIZATION_LEVEL = "-Onone";
			};
			name = Debug;
		};
		A1A8EDD1256876F1008DAAA3 /* Release */ = {
			isa = XCBuildConfiguration;
			buildSettings = {
				ALWAYS_SEARCH_USER_PATHS = NO;
				CLANG_ANALYZER_NONNULL = YES;
				CLANG_ANALYZER_NUMBER_OBJECT_CONVERSION = YES_AGGRESSIVE;
				CLANG_CXX_LANGUAGE_STANDARD = "gnu++14";
				CLANG_CXX_LIBRARY = "libc++";
				CLANG_ENABLE_MODULES = YES;
				CLANG_ENABLE_OBJC_ARC = YES;
				CLANG_ENABLE_OBJC_WEAK = YES;
				CLANG_WARN_BLOCK_CAPTURE_AUTORELEASING = YES;
				CLANG_WARN_BOOL_CONVERSION = YES;
				CLANG_WARN_COMMA = YES;
				CLANG_WARN_CONSTANT_CONVERSION = YES;
				CLANG_WARN_DEPRECATED_OBJC_IMPLEMENTATIONS = YES;
				CLANG_WARN_DIRECT_OBJC_ISA_USAGE = YES_ERROR;
				CLANG_WARN_DOCUMENTATION_COMMENTS = YES;
				CLANG_WARN_EMPTY_BODY = YES;
				CLANG_WARN_ENUM_CONVERSION = YES;
				CLANG_WARN_INFINITE_RECURSION = YES;
				CLANG_WARN_INT_CONVERSION = YES;
				CLANG_WARN_NON_LITERAL_NULL_CONVERSION = YES;
				CLANG_WARN_OBJC_IMPLICIT_RETAIN_SELF = YES;
				CLANG_WARN_OBJC_LITERAL_CONVERSION = YES;
				CLANG_WARN_OBJC_ROOT_CLASS = YES_ERROR;
				CLANG_WARN_QUOTED_INCLUDE_IN_FRAMEWORK_HEADER = YES;
				CLANG_WARN_RANGE_LOOP_ANALYSIS = YES;
				CLANG_WARN_STRICT_PROTOTYPES = YES;
				CLANG_WARN_SUSPICIOUS_MOVE = YES;
				CLANG_WARN_UNGUARDED_AVAILABILITY = YES_AGGRESSIVE;
				CLANG_WARN_UNREACHABLE_CODE = YES;
				CLANG_WARN__DUPLICATE_METHOD_MATCH = YES;
				COPY_PHASE_STRIP = NO;
				DEBUG_INFORMATION_FORMAT = "dwarf-with-dsym";
				ENABLE_NS_ASSERTIONS = NO;
				ENABLE_STRICT_OBJC_MSGSEND = YES;
				GCC_C_LANGUAGE_STANDARD = gnu11;
				GCC_NO_COMMON_BLOCKS = YES;
				GCC_WARN_64_TO_32_BIT_CONVERSION = YES;
				GCC_WARN_ABOUT_RETURN_TYPE = YES_ERROR;
				GCC_WARN_UNDECLARED_SELECTOR = YES;
				GCC_WARN_UNINITIALIZED_AUTOS = YES_AGGRESSIVE;
				GCC_WARN_UNUSED_FUNCTION = YES;
				GCC_WARN_UNUSED_VARIABLE = YES;
				IPHONEOS_DEPLOYMENT_TARGET = 14.0;
				MTL_ENABLE_DEBUG_INFO = NO;
				MTL_FAST_MATH = YES;
				SDKROOT = iphoneos;
				SWIFT_COMPILATION_MODE = wholemodule;
				SWIFT_OPTIMIZATION_LEVEL = "-O";
				VALIDATE_PRODUCT = YES;
			};
			name = Release;
		};
		A1A8EDD3256876F1008DAAA3 /* Debug */ = {
			isa = XCBuildConfiguration;
			baseConfigurationReference = 0D6A5E6E56DF8556062F2458 /* Pods-InstagramClone.debug.xcconfig */;
			buildSettings = {
				ASSETCATALOG_COMPILER_APPICON_NAME = AppIcon;
				ASSETCATALOG_COMPILER_GLOBAL_ACCENT_COLOR_NAME = AccentColor;
				CODE_SIGN_STYLE = Automatic;
				DEVELOPMENT_TEAM = LPAWQLXXWM;
				INFOPLIST_FILE = InstagramClone/Info.plist;
				LD_RUNPATH_SEARCH_PATHS = (
					"$(inherited)",
					"@executable_path/Frameworks",
				);
				PRODUCT_BUNDLE_IDENTIFIER = Dhruvil.InstagramClone;
				PRODUCT_NAME = "$(TARGET_NAME)";
				SWIFT_VERSION = 5.0;
				TARGETED_DEVICE_FAMILY = "1,2";
			};
			name = Debug;
		};
		A1A8EDD4256876F1008DAAA3 /* Release */ = {
			isa = XCBuildConfiguration;
			baseConfigurationReference = B9960C978C960202AD38D9B8 /* Pods-InstagramClone.release.xcconfig */;
			buildSettings = {
				ASSETCATALOG_COMPILER_APPICON_NAME = AppIcon;
				ASSETCATALOG_COMPILER_GLOBAL_ACCENT_COLOR_NAME = AccentColor;
				CODE_SIGN_STYLE = Automatic;
				DEVELOPMENT_TEAM = LPAWQLXXWM;
				INFOPLIST_FILE = InstagramClone/Info.plist;
				LD_RUNPATH_SEARCH_PATHS = (
					"$(inherited)",
					"@executable_path/Frameworks",
				);
				PRODUCT_BUNDLE_IDENTIFIER = Dhruvil.InstagramClone;
				PRODUCT_NAME = "$(TARGET_NAME)";
				SWIFT_VERSION = 5.0;
				TARGETED_DEVICE_FAMILY = "1,2";
			};
			name = Release;
		};
/* End XCBuildConfiguration section */

/* Begin XCConfigurationList section */
		A1A8EDB9256876EE008DAAA3 /* Build configuration list for PBXProject "InstagramClone" */ = {
			isa = XCConfigurationList;
			buildConfigurations = (
				A1A8EDD0256876F1008DAAA3 /* Debug */,
				A1A8EDD1256876F1008DAAA3 /* Release */,
			);
			defaultConfigurationIsVisible = 0;
			defaultConfigurationName = Release;
		};
		A1A8EDD2256876F1008DAAA3 /* Build configuration list for PBXNativeTarget "InstagramClone" */ = {
			isa = XCConfigurationList;
			buildConfigurations = (
				A1A8EDD3256876F1008DAAA3 /* Debug */,
				A1A8EDD4256876F1008DAAA3 /* Release */,
			);
			defaultConfigurationIsVisible = 0;
			defaultConfigurationName = Release;
		};
/* End XCConfigurationList section */
	};
	rootObject = A1A8EDB6256876EE008DAAA3 /* Project object */;
}
